
Microsoft Visual Studio Solution File, Format Version 12.00
# Visual Studio Version 17
VisualStudioVersion = 17.10.34916.146
MinimumVisualStudioVersion = 10.0.40219.1
Project("{FAE04EC0-301F-11D3-BF4B-00C04F79EFBC}") = "MetoFirstExample_v3", "MetoFirstExample_v3\MetoFirstExample_v3.csproj", "{3795C45B-A877-4C52-80FB-98E9DF995B13}"
EndProject
Project("{FAE04EC0-301F-11D3-BF4B-00C04F79EFBC}") = "MetoLibrary.BLL", "MetoLibrary.BLL\MetoLibrary.BLL.csproj", "{B077CC62-01BC-4833-8F13-1EC70F1A2B20}"
EndProject
Project("{FAE04EC0-301F-11D3-BF4B-00C04F79EFBC}") = "MetoLibrary.DAL", "MetoLibrary.DAL\MetoLibrary.DAL.csproj", "{E5A7EEFE-78AA-4140-9B94-1D54E511B860}"
EndProject
Project("{FAE04EC0-301F-11D3-BF4B-00C04F79EFBC}") = "MetoLibrary.Models", "MetoLibrary.Models\MetoLibrary.Models.csproj", "{CE401807-0C30-46B5-8C6D-BE5B684EFE13}"
EndProject
Project("{FAE04EC0-301F-11D3-BF4B-00C04F79EFBC}") = "MetoLibrary.Utilities", "MetoLibrary.Utilities\MetoLibrary.Utilities.csproj", "{D07A78E5-FD11-43DB-A4F7-417E2E693897}"
EndProject
Global
	GlobalSection(SolutionConfigurationPlatforms) = preSolution
		Debug|Any CPU = Debug|Any CPU
		Release|Any CPU = Release|Any CPU
	EndGlobalSection
	GlobalSection(ProjectConfigurationPlatforms) = postSolution
		{3795C45B-A877-4C52-80FB-98E9DF995B13}.Debug|Any CPU.ActiveCfg = Debug|Any CPU
		{3795C45B-A877-4C52-80FB-98E9DF995B13}.Debug|Any CPU.Build.0 = Debug|Any CPU
		{3795C45B-A877-4C52-80FB-98E9DF995B13}.Release|Any CPU.ActiveCfg = Release|Any CPU
		{3795C45B-A877-4C52-80FB-98E9DF995B13}.Release|Any CPU.Build.0 = Release|Any CPU
		{B077CC62-01BC-4833-8F13-1EC70F1A2B20}.Debug|Any CPU.ActiveCfg = Debug|Any CPU
		{B077CC62-01BC-4833-8F13-1EC70F1A2B20}.Debug|Any CPU.Build.0 = Debug|Any CPU
		{B077CC62-01BC-4833-8F13-1EC70F1A2B20}.Release|Any CPU.ActiveCfg = Release|Any CPU
		{B077CC62-01BC-4833-8F13-1EC70F1A2B20}.Release|Any CPU.Build.0 = Release|Any CPU
		{E5A7EEFE-78AA-4140-9B94-1D54E511B860}.Debug|Any CPU.ActiveCfg = Debug|Any CPU
		{E5A7EEFE-78AA-4140-9B94-1D54E511B860}.Debug|Any CPU.Build.0 = Debug|Any CPU
		{E5A7EEFE-78AA-4140-9B94-1D54E511B860}.Release|Any CPU.ActiveCfg = Release|Any CPU
		{E5A7EEFE-78AA-4140-9B94-1D54E511B860}.Release|Any CPU.Build.0 = Release|Any CPU
		{CE401807-0C30-46B5-8C6D-BE5B684EFE13}.Debug|Any CPU.ActiveCfg = Debug|Any CPU
		{CE401807-0C30-46B5-8C6D-BE5B684EFE13}.Debug|Any CPU.Build.0 = Debug|Any CPU
		{CE401807-0C30-46B5-8C6D-BE5B684EFE13}.Release|Any CPU.ActiveCfg = Release|Any CPU
		{CE401807-0C30-46B5-8C6D-BE5B684EFE13}.Release|Any CPU.Build.0 = Release|Any CPU
		{D07A78E5-FD11-43DB-A4F7-417E2E693897}.Debug|Any CPU.ActiveCfg = Debug|Any CPU
		{D07A78E5-FD11-43DB-A4F7-417E2E693897}.Debug|Any CPU.Build.0 = Debug|Any CPU
		{D07A78E5-FD11-43DB-A4F7-417E2E693897}.Release|Any CPU.ActiveCfg = Release|Any CPU
		{D07A78E5-FD11-43DB-A4F7-417E2E693897}.Release|Any CPU.Build.0 = Release|Any CPU
	EndGlobalSection
	GlobalSection(SolutionProperties) = preSolution
		HideSolutionNode = FALSE
	EndGlobalSection
	GlobalSection(ExtensibilityGlobals) = postSolution
		SolutionGuid = {E270641D-C3B6-405A-925F-C4EE0AAA2203}
	EndGlobalSection
EndGlobal
